
Microsoft Visual Studio Solution File, Format Version 12.00
# Visual Studio 2013
VisualStudioVersion = 12.0.31101.0
MinimumVisualStudioVersion = 10.0.40219.1
Project("{FAE04EC0-301F-11D3-BF4B-00C04F79EFBC}") = "KckSokoban", "KckSokoban\KckSokoban.csproj", "{8DEFAF8C-05FD-4948-BD14-A5A37E7E5757}"
EndProject
Project("{FAE04EC0-301F-11D3-BF4B-00C04F79EFBC}") = "KckSokoban WPF", "KckSokoban WPF\KckSokoban WPF.csproj", "{F721A4AD-4FE2-4B56-B482-F236D908F5AB}"
EndProject
Global
	GlobalSection(SolutionConfigurationPlatforms) = preSolution
		Debug|Any CPU = Debug|Any CPU
		Release|Any CPU = Release|Any CPU
	EndGlobalSection
	GlobalSection(ProjectConfigurationPlatforms) = postSolution
		{8DEFAF8C-05FD-4948-BD14-A5A37E7E5757}.Debug|Any CPU.ActiveCfg = Debug|Any CPU
		{8DEFAF8C-05FD-4948-BD14-A5A37E7E5757}.Debug|Any CPU.Build.0 = Debug|Any CPU
		{8DEFAF8C-05FD-4948-BD14-A5A37E7E5757}.Release|Any CPU.ActiveCfg = Release|Any CPU
		{8DEFAF8C-05FD-4948-BD14-A5A37E7E5757}.Release|Any CPU.Build.0 = Release|Any CPU
		{F721A4AD-4FE2-4B56-B482-F236D908F5AB}.Debug|Any CPU.ActiveCfg = Debug|Any CPU
		{F721A4AD-4FE2-4B56-B482-F236D908F5AB}.Debug|Any CPU.Build.0 = Debug|Any CPU
		{F721A4AD-4FE2-4B56-B482-F236D908F5AB}.Release|Any CPU.ActiveCfg = Release|Any CPU
		{F721A4AD-4FE2-4B56-B482-F236D908F5AB}.Release|Any CPU.Build.0 = Release|Any CPU
	EndGlobalSection
	GlobalSection(SolutionProperties) = preSolution
		HideSolutionNode = FALSE
	EndGlobalSection
EndGlobal
